{
  "nodes": {
    "home-manager": {
      "inputs": {
        "nixpkgs": [
          "nixpkgs"
        ]
      },
      "locked": {
        "lastModified": 1789267039,
        "narHash": "sha256-LWiBv9yAYFi2LPbUhDGHPGKYskJQjj2fw12OlyO1uQo=",
        "owner": "nix-community",
        "repo": "home-manager",
        "rev": "ec172013fa62135f58fb58dd17ae9651e8f39727",
        "type": "github"
      },
      "original": {
        "owner": "nix-community",
        "ref": "release-26.05",
        "repo": "home-manager",
        "type": "github"
      }
    },
    "nixpkgs": {
      "locked": {
        "lastModified": 1789344334,
        "narHash": "sha256-vdhpDJ3Lr24lkZ+fDCjmBRRtw9/vcSzkqGJOJyF5h2U=",
        "owner": "NixOS",
        "repo": "nixpkgs",
        "rev": "c3eea5b2156db11c7eeeada3dc737711255b253e",
        "type": "github"
      },
      "original": {
        "owner": "NixOS",
        "ref": "nixos-26.05",
        "repo": "nixpkgs",
        "type": "github"
      }
    },
    "nixpkgs_2": {
      "locked": {
        "lastModified": 1784280462,
        "narHash": "sha256-DtoqIqM7VkR6NxAkcLpMwmi02USwWb3JdmNGLyhthc0=",
        "rev": "293d6abedf0478e681a4dfcfcb35b30fc796a32f",
        "revCount": 1009740,
        "type": "tarball",
        "url": "https://api.flakehub.com/f/pinned/NixOS/nixpkgs/0.2605.1009740%2Brev-293d6abedf0478e681a4dfcfcb35b30fc796a32f/019f73de-20f7-7ec2-98c8-65726640dbf9/source.tar.gz"
      },
      "original": {
        "type": "tarball",
        "url": "https://flakehub.com/f/NixOS/nixpkgs/0"
      }
    },
    "root": {
      "inputs": {
        "home-manager": "home-manager",
        "nixpkgs": "nixpkgs",
        "slang-server": "slang-server"
      }
    },
    "slang-server": {
      "inputs": {
        "nixpkgs": "nixpkgs_2"
      },
      "locked": {
        "lastModified": 1789130367,
        "narHash": "sha256-1ruqZy4yqzYXn8Bp6/HiOrugNiJSIn/7WiywjL2svpU=",
        "ref": "refs/heads/main",
        "rev": "59524d314b3e213a7502d7d4416856305cd75a5a",
        "revCount": 399,
        "submodules": true,
        "type": "git",
        "url": "https://github.com/hudson-trading/slang-server"
      },
      "original": {
        "submodules": true,
        "type": "git",
        "url": "https://github.com/hudson-trading/slang-server"
      }
    }
  },
  "root": "root",
  "version": 7
}
